
Microsoft Visual Studio Solution File, Format Version 12.00
# Visual Studio Version 16
VisualStudioVersion = 16.0.30804.86
MinimumVisualStudioVersion = 10.0.40219.1
Project("{9A19103F-16F7-4668-BE54-9A1E7A4F7556}") = "NISLAVITZ_API_UI", "NISLAVITZ_API_UI\NISLAVITZ_API_UI.csproj", "{611BEC90-E034-41FD-9B8D-CC8B955E749B}"
EndProject
Project("{FAE04EC0-301F-11D3-BF4B-00C04F79EFBC}") = "NISLAVITZ_API_SERVICES", "NISLAVITZ_API_SERVICES\NISLAVITZ_API_SERVICES.csproj", "{244F00D7-9C69-415A-9E47-41BC4B5EEFB1}"
EndProject
Global
	GlobalSection(SolutionConfigurationPlatforms) = preSolution
		Debug|Any CPU = Debug|Any CPU
		Release|Any CPU = Release|Any CPU
	EndGlobalSection
	GlobalSection(ProjectConfigurationPlatforms) = postSolution
		{611BEC90-E034-41FD-9B8D-CC8B955E749B}.Debug|Any CPU.ActiveCfg = Debug|Any CPU
		{611BEC90-E034-41FD-9B8D-CC8B955E749B}.Debug|Any CPU.Build.0 = Debug|Any CPU
		{611BEC90-E034-41FD-9B8D-CC8B955E749B}.Release|Any CPU.ActiveCfg = Release|Any CPU
		{611BEC90-E034-41FD-9B8D-CC8B955E749B}.Release|Any CPU.Build.0 = Release|Any CPU
		{244F00D7-9C69-415A-9E47-41BC4B5EEFB1}.Debug|Any CPU.ActiveCfg = Debug|Any CPU
		{244F00D7-9C69-415A-9E47-41BC4B5EEFB1}.Debug|Any CPU.Build.0 = Debug|Any CPU
		{244F00D7-9C69-415A-9E47-41BC4B5EEFB1}.Release|Any CPU.ActiveCfg = Release|Any CPU
		{244F00D7-9C69-415A-9E47-41BC4B5EEFB1}.Release|Any CPU.Build.0 = Release|Any CPU
	EndGlobalSection
	GlobalSection(SolutionProperties) = preSolution
		HideSolutionNode = FALSE
	EndGlobalSection
	GlobalSection(ExtensibilityGlobals) = postSolution
		SolutionGuid = {44D13CD0-08CA-4583-807F-591539890251}
	EndGlobalSection
EndGlobal
